
Microsoft Visual Studio Solution File, Format Version 12.00
# Visual Studio 2013
VisualStudioVersion = 12.0.21005.1
MinimumVisualStudioVersion = 10.0.40219.1
Project("{FAE04EC0-301F-11D3-BF4B-00C04F79EFBC}") = "Gildo.lojaVirtual.Dominio", "Gildo.LojaVirtual.Dominio\Gildo.lojaVirtual.Dominio.csproj", "{78BA9AEA-F8B0-4A1D-B3EE-666EDFA0A25C}"
EndProject
Project("{FAE04EC0-301F-11D3-BF4B-00C04F79EFBC}") = "Gildo.lojaVirtual.Web", "Gildo.lojaVirtual.Web\Gildo.lojaVirtual.Web.csproj", "{6D2868F9-2C78-4D4F-8C11-1EC4B0F9CDDA}"
EndProject
Project("{FAE04EC0-301F-11D3-BF4B-00C04F79EFBC}") = "Gildo.lojaVirtual.UnitTest", "Gildo.lojaVirtual.UnitTest\Gildo.lojaVirtual.UnitTest.csproj", "{6ECEBCED-9CC6-4923-8F4C-4E4EC60EF0D9}"
EndProject
Global
	GlobalSection(SolutionConfigurationPlatforms) = preSolution
		Debug|Any CPU = Debug|Any CPU
		Release|Any CPU = Release|Any CPU
	EndGlobalSection
	GlobalSection(ProjectConfigurationPlatforms) = postSolution
		{78BA9AEA-F8B0-4A1D-B3EE-666EDFA0A25C}.Debug|Any CPU.ActiveCfg = Debug|Any CPU
		{78BA9AEA-F8B0-4A1D-B3EE-666EDFA0A25C}.Debug|Any CPU.Build.0 = Debug|Any CPU
		{78BA9AEA-F8B0-4A1D-B3EE-666EDFA0A25C}.Release|Any CPU.ActiveCfg = Release|Any CPU
		{78BA9AEA-F8B0-4A1D-B3EE-666EDFA0A25C}.Release|Any CPU.Build.0 = Release|Any CPU
		{6D2868F9-2C78-4D4F-8C11-1EC4B0F9CDDA}.Debug|Any CPU.ActiveCfg = Debug|Any CPU
		{6D2868F9-2C78-4D4F-8C11-1EC4B0F9CDDA}.Debug|Any CPU.Build.0 = Debug|Any CPU
		{6D2868F9-2C78-4D4F-8C11-1EC4B0F9CDDA}.Release|Any CPU.ActiveCfg = Release|Any CPU
		{6D2868F9-2C78-4D4F-8C11-1EC4B0F9CDDA}.Release|Any CPU.Build.0 = Release|Any CPU
		{6ECEBCED-9CC6-4923-8F4C-4E4EC60EF0D9}.Debug|Any CPU.ActiveCfg = Debug|Any CPU
		{6ECEBCED-9CC6-4923-8F4C-4E4EC60EF0D9}.Debug|Any CPU.Build.0 = Debug|Any CPU
		{6ECEBCED-9CC6-4923-8F4C-4E4EC60EF0D9}.Release|Any CPU.ActiveCfg = Release|Any CPU
		{6ECEBCED-9CC6-4923-8F4C-4E4EC60EF0D9}.Release|Any CPU.Build.0 = Release|Any CPU
	EndGlobalSection
	GlobalSection(SolutionProperties) = preSolution
		HideSolutionNode = FALSE
	EndGlobalSection
EndGlobal
